// !$*UTF8*$!
{
	archiveVersion = 1;
	classes = {
	};
	objectVersion = 46;
	objects = {

/* Begin PBXBuildFile section */
		8424F1CB1F06C4D600849BC6 /* Fabric.framework in Frameworks */ = {isa = PBXBuildFile; fileRef = 8424F1C91F06C4D600849BC6 /* Fabric.framework */; };
		8424F1CC1F06C4D600849BC6 /* Crashlytics.framework in Frameworks */ = {isa = PBXBuildFile; fileRef = 8424F1CA1F06C4D600849BC6 /* Crashlytics.framework */; };
		84819C9E1F06333D00C03BBE /* AppDelegate.swift in Sources */ = {isa = PBXBuildFile; fileRef = 84819C9D1F06333D00C03BBE /* AppDelegate.swift */; };
		84819CA01F06333D00C03BBE /* ViewController.swift in Sources */ = {isa = PBXBuildFile; fileRef = 84819C9F1F06333D00C03BBE /* ViewController.swift */; };
		84819CA31F06333D00C03BBE /* Main.storyboard in Resources */ = {isa = PBXBuildFile; fileRef = 84819CA11F06333D00C03BBE /* Main.storyboard */; };
		84819CA51F06333D00C03BBE /* Assets.xcassets in Resources */ = {isa = PBXBuildFile; fileRef = 84819CA41F06333D00C03BBE /* Assets.xcassets */; };
		84819CA81F06333D00C03BBE /* LaunchScreen.storyboard in Resources */ = {isa = PBXBuildFile; fileRef = 84819CA61F06333D00C03BBE /* LaunchScreen.storyboard */; };
		84819CB31F06333D00C03BBE /* Hello_WorldTests.swift in Sources */ = {isa = PBXBuildFile; fileRef = 84819CB21F06333D00C03BBE /* Hello_WorldTests.swift */; };
		84819CBE1F06333D00C03BBE /* Hello_WorldUITests.swift in Sources */ = {isa = PBXBuildFile; fileRef = 84819CBD1F06333D00C03BBE /* Hello_WorldUITests.swift */; };
/* End PBXBuildFile section */

/* Begin PBXContainerItemProxy section */
		84819CAF1F06333D00C03BBE /* PBXContainerItemProxy */ = {
			isa = PBXContainerItemProxy;
			containerPortal = 84819C921F06333D00C03BBE /* Project object */;
			proxyType = 1;
			remoteGlobalIDString = 84819C991F06333D00C03BBE;
			remoteInfo = "Hello World";
		};
		84819CBA1F06333D00C03BBE /* PBXContainerItemProxy */ = {
			isa = PBXContainerItemProxy;
			containerPortal = 84819C921F06333D00C03BBE /* Project object */;
			proxyType = 1;
			remoteGlobalIDString = 84819C991F06333D00C03BBE;
			remoteInfo = "Hello World";
		};
/* End PBXContainerItemProxy section */

/* Begin PBXFileReference section */
		8424F1C91F06C4D600849BC6 /* Fabric.framework */ = {isa = PBXFileReference; lastKnownFileType = wrapper.framework; path = Fabric.framework; sourceTree = "<group>"; };
		8424F1CA1F06C4D600849BC6 /* Crashlytics.framework */ = {isa = PBXFileReference; lastKnownFileType = wrapper.framework; path = Crashlytics.framework; sourceTree = "<group>"; };
		84819C9A1F06333D00C03BBE /* Hello World.app */ = {isa = PBXFileReference; explicitFileType = wrapper.application; includeInIndex = 0; path = "Hello World.app"; sourceTree = BUILT_PRODUCTS_DIR; };
		84819C9D1F06333D00C03BBE /* AppDelegate.swift */ = {isa = PBXFileReference; lastKnownFileType = sourcecode.swift; path = AppDelegate.swift; sourceTree = "<group>"; };
		84819C9F1F06333D00C03BBE /* ViewController.swift */ = {isa = PBXFileReference; lastKnownFileType = sourcecode.swift; path = ViewController.swift; sourceTree = "<group>"; };
		84819CA21F06333D00C03BBE /* Base */ = {isa = PBXFileReference; lastKnownFileType = file.storyboard; name = Base; path = Base.lproj/Main.storyboard; sourceTree = "<group>"; };
		84819CA41F06333D00C03BBE /* Assets.xcassets */ = {isa = PBXFileReference; lastKnownFileType = folder.assetcatalog; path = Assets.xcassets; sourceTree = "<group>"; };
		84819CA71F06333D00C03BBE /* Base */ = {isa = PBXFileReference; lastKnownFileType = file.storyboard; name = Base; path = Base.lproj/LaunchScreen.storyboard; sourceTree = "<group>"; };
		84819CA91F06333D00C03BBE /* Info.plist */ = {isa = PBXFileReference; lastKnownFileType = text.plist.xml; path = Info.plist; sourceTree = "<group>"; };
		84819CAE1F06333D00C03BBE /* Hello WorldTests.xctest */ = {isa = PBXFileReference; explicitFileType = wrapper.cfbundle; includeInIndex = 0; path = "Hello WorldTests.xctest"; sourceTree = BUILT_PRODUCTS_DIR; };
		84819CB21F06333D00C03BBE /* Hello_WorldTests.swift */ = {isa = PBXFileReference; lastKnownFileType = sourcecode.swift; path = Hello_WorldTests.swift; sourceTree = "<group>"; };
		84819CB41F06333D00C03BBE /* Info.plist */ = {isa = PBXFileReference; lastKnownFileType = text.plist.xml; path = Info.plist; sourceTree = "<group>"; };
		84819CB91F06333D00C03BBE /* Hello WorldUITests.xctest */ = {isa = PBXFileReference; explicitFileType = wrapper.cfbundle; includeInIndex = 0; path = "Hello WorldUITests.xctest"; sourceTree = BUILT_PRODUCTS_DIR; };
		84819CBD1F06333D00C03BBE /* Hello_WorldUITests.swift */ = {isa = PBXFileReference; lastKnownFileType = sourcecode.swift; path = Hello_WorldUITests.swift; sourceTree = "<group>"; };
		84819CBF1F06333D00C03BBE /* Info.plist */ = {isa = PBXFileReference; lastKnownFileType = text.plist.xml; path = Info.plist; sourceTree = "<group>"; };
/* End PBXFileReference section */

/* Begin PBXFrameworksBuildPhase section */
		84819C971F06333D00C03BBE /* Frameworks */ = {
			isa = PBXFrameworksBuildPhase;
			buildActionMask = 2147483647;
			files = (
				8424F1CC1F06C4D600849BC6 /* Crashlytics.framework in Frameworks */,
				8424F1CB1F06C4D600849BC6 /* Fabric.framework in Frameworks */,
			);
			runOnlyForDeploymentPostprocessing = 0;
		};
		84819CAB1F06333D00C03BBE /* Frameworks */ = {
			isa = PBXFrameworksBuildPhase;
			buildActionMask = 2147483647;
			files = (
			);
			runOnlyForDeploymentPostprocessing = 0;
		};
		84819CB61F06333D00C03BBE /* Frameworks */ = {
			isa = PBXFrameworksBuildPhase;
			buildActionMask = 2147483647;
			files = (
			);
			runOnlyForDeploymentPostprocessing = 0;
		};
/* End PBXFrameworksBuildPhase section */

/* Begin PBXGroup section */
		84819C911F06333D00C03BBE = {
			isa = PBXGroup;
			children = (
				84819C9C1F06333D00C03BBE /* Hello World */,
				84819CB11F06333D00C03BBE /* Hello WorldTests */,
				84819CBC1F06333D00C03BBE /* Hello WorldUITests */,
				84819C9B1F06333D00C03BBE /* Products */,
				8424F1C91F06C4D600849BC6 /* Fabric.framework */,
				8424F1CA1F06C4D600849BC6 /* Crashlytics.framework */,
			);
			sourceTree = "<group>";
		};
		84819C9B1F06333D00C03BBE /* Products */ = {
			isa = PBXGroup;
			children = (
				84819C9A1F06333D00C03BBE /* Hello World.app */,
				84819CAE1F06333D00C03BBE /* Hello WorldTests.xctest */,
				84819CB91F06333D00C03BBE /* Hello WorldUITests.xctest */,
			);
			name = Products;
			sourceTree = "<group>";
		};
		84819C9C1F06333D00C03BBE /* Hello World */ = {
			isa = PBXGroup;
			children = (
				84819C9D1F06333D00C03BBE /* AppDelegate.swift */,
				84819C9F1F06333D00C03BBE /* ViewController.swift */,
				84819CA11F06333D00C03BBE /* Main.storyboard */,
				84819CA41F06333D00C03BBE /* Assets.xcassets */,
				84819CA61F06333D00C03BBE /* LaunchScreen.storyboard */,
				84819CA91F06333D00C03BBE /* Info.plist */,
			);
			path = "Hello World";
			sourceTree = "<group>";
		};
		84819CB11F06333D00C03BBE /* Hello WorldTests */ = {
			isa = PBXGroup;
			children = (
				84819CB21F06333D00C03BBE /* Hello_WorldTests.swift */,
				84819CB41F06333D00C03BBE /* Info.plist */,
			);
			path = "Hello WorldTests";
			sourceTree = "<group>";
		};
		84819CBC1F06333D00C03BBE /* Hello WorldUITests */ = {
			isa = PBXGroup;
			children = (
				84819CBD1F06333D00C03BBE /* Hello_WorldUITests.swift */,
				84819CBF1F06333D00C03BBE /* Info.plist */,
			);
			path = "Hello WorldUITests";
			sourceTree = "<group>";
		};
/* End PBXGroup section */

/* Begin PBXNativeTarget section */
		84819C991F06333D00C03BBE /* Hello World */ = {
			isa = PBXNativeTarget;
			buildConfigurationList = 84819CC21F06333D00C03BBE /* Build configuration list for PBXNativeTarget "Hello World" */;
			buildPhases = (
				84819C961F06333D00C03BBE /* Sources */,
				84819C971F06333D00C03BBE /* Frameworks */,
				84819C981F06333D00C03BBE /* Resources */,
				8424F1C81F06C4A400849BC6 /* ShellScript */,
			);
			buildRules = (
			);
			dependencies = (
			);
			name = "Hello World";
			productName = "Hello World";
			productReference = 84819C9A1F06333D00C03BBE /* Hello World.app */;
			productType = "com.apple.product-type.application";
		};
		84819CAD1F06333D00C03BBE /* Hello WorldTests */ = {
			isa = PBXNativeTarget;
			buildConfigurationList = 84819CC51F06333D00C03BBE /* Build configuration list for PBXNativeTarget "Hello WorldTests" */;
			buildPhases = (
				84819CAA1F06333D00C03BBE /* Sources */,
				84819CAB1F06333D00C03BBE /* Frameworks */,
				84819CAC1F06333D00C03BBE /* Resources */,
			);
			buildRules = (
			);
			dependencies = (
				84819CB01F06333D00C03BBE /* PBXTargetDependency */,
			);
			name = "Hello WorldTests";
			productName = "Hello WorldTests";
			productReference = 84819CAE1F06333D00C03BBE /* Hello WorldTests.xctest */;
			productType = "com.apple.product-type.bundle.unit-test";
		};
		84819CB81F06333D00C03BBE /* Hello WorldUITests */ = {
			isa = PBXNativeTarget;
			buildConfigurationList = 84819CC81F06333D00C03BBE /* Build configuration list for PBXNativeTarget "Hello WorldUITests" */;
			buildPhases = (
				84819CB51F06333D00C03BBE /* Sources */,
				84819CB61F06333D00C03BBE /* Frameworks */,
				84819CB71F06333D00C03BBE /* Resources */,
			);
			buildRules = (
			);
			dependencies = (
				84819CBB1F06333D00C03BBE /* PBXTargetDependency */,
			);
			name = "Hello WorldUITests";
			productName = "Hello WorldUITests";
			productReference = 84819CB91F06333D00C03BBE /* Hello WorldUITests.xctest */;
			productType = "com.apple.product-type.bundle.ui-testing";
		};
/* End PBXNativeTarget section */

/* Begin PBXProject section */
		84819C921F06333D00C03BBE /* Project object */ = {
			isa = PBXProject;
			attributes = {
				LastSwiftUpdateCheck = 0830;
				LastUpgradeCheck = 0830;
				ORGANIZATIONNAME = BSwierad;
				TargetAttributes = {
					84819C991F06333D00C03BBE = {
						CreatedOnToolsVersion = 8.3.3;
						DevelopmentTeam = GGJ64UFF9U;
						ProvisioningStyle = Automatic;
					};
					84819CAD1F06333D00C03BBE = {
						CreatedOnToolsVersion = 8.3.3;
						DevelopmentTeam = GGJ64UFF9U;
						ProvisioningStyle = Automatic;
						TestTargetID = 84819C991F06333D00C03BBE;
					};
					84819CB81F06333D00C03BBE = {
						CreatedOnToolsVersion = 8.3.3;
						DevelopmentTeam = GGJ64UFF9U;
						ProvisioningStyle = Automatic;
						TestTargetID = 84819C991F06333D00C03BBE;
					};
				};
			};
			buildConfigurationList = 84819C951F06333D00C03BBE /* Build configuration list for PBXProject "Hello World" */;
			compatibilityVersion = "Xcode 3.2";
			developmentRegion = English;
			hasScannedForEncodings = 0;
			knownRegions = (
				en,
				Base,
			);
			mainGroup = 84819C911F06333D00C03BBE;
			productRefGroup = 84819C9B1F06333D00C03BBE /* Products */;
			projectDirPath = "";
			projectRoot = "";
			targets = (
				84819C991F06333D00C03BBE /* Hello World */,
				84819CAD1F06333D00C03BBE /* Hello WorldTests */,
				84819CB81F06333D00C03BBE /* Hello WorldUITests */,
			);
		};
/* End PBXProject section */

/* Begin PBXResourcesBuildPhase section */
		84819C981F06333D00C03BBE /* Resources */ = {
			isa = PBXResourcesBuildPhase;
			buildActionMask = 2147483647;
			files = (
				84819CA81F06333D00C03BBE /* LaunchScreen.storyboard in Resources */,
				84819CA51F06333D00C03BBE /* Assets.xcassets in Resources */,
				84819CA31F06333D00C03BBE /* Main.storyboard in Resources */,
			);
			runOnlyForDeploymentPostprocessing = 0;
		};
		84819CAC1F06333D00C03BBE /* Resources */ = {
			isa = PBXResourcesBuildPhase;
			buildActionMask = 2147483647;
			files = (
			);
			runOnlyForDeploymentPostprocessing = 0;
		};
		84819CB71F06333D00C03BBE /* Resources */ = {
			isa = PBXResourcesBuildPhase;
			buildActionMask = 2147483647;
			files = (
			);
			runOnlyForDeploymentPostprocessing = 0;
		};
/* End PBXResourcesBuildPhase section */

/* Begin PBXShellScriptBuildPhase section */
		8424F1C81F06C4A400849BC6 /* ShellScript */ = {
			isa = PBXShellScriptBuildPhase;
			buildActionMask = 2147483647;
			files = (
			);
			inputPaths = (
			);
			outputPaths = (
			);
			runOnlyForDeploymentPostprocessing = 0;
			shellPath = /bin/sh;
			shellScript = "./Fabric.framework/run e969602afdf919ddd74642568d52fb4282b47494 378c04224646b5a49cc652a92cfcd21ae8c4bc3f7750d3e30ab8d65a77a6fe1e";
		};
/* End PBXShellScriptBuildPhase section */

/* Begin PBXSourcesBuildPhase section */
		84819C961F06333D00C03BBE /* Sources */ = {
			isa = PBXSourcesBuildPhase;
			buildActionMask = 2147483647;
			files = (
				84819CA01F06333D00C03BBE /* ViewController.swift in Sources */,
				84819C9E1F06333D00C03BBE /* AppDelegate.swift in Sources */,
			);
			runOnlyForDeploymentPostprocessing = 0;
		};
		84819CAA1F06333D00C03BBE /* Sources */ = {
			isa = PBXSourcesBuildPhase;
			buildActionMask = 2147483647;
			files = (
				84819CB31F06333D00C03BBE /* Hello_WorldTests.swift in Sources */,
			);
			runOnlyForDeploymentPostprocessing = 0;
		};
		84819CB51F06333D00C03BBE /* Sources */ = {
			isa = PBXSourcesBuildPhase;
			buildActionMask = 2147483647;
			files = (
				84819CBE1F06333D00C03BBE /* Hello_WorldUITests.swift in Sources */,
			);
			runOnlyForDeploymentPostprocessing = 0;
		};
/* End PBXSourcesBuildPhase section */

/* Begin PBXTargetDependency section */
		84819CB01F06333D00C03BBE /* PBXTargetDependency */ = {
			isa = PBXTargetDependency;
			target = 84819C991F06333D00C03BBE /* Hello World */;
			targetProxy = 84819CAF1F06333D00C03BBE /* PBXContainerItemProxy */;
		};
		84819CBB1F06333D00C03BBE /* PBXTargetDependency */ = {
			isa = PBXTargetDependency;
			target = 84819C991F06333D00C03BBE /* Hello World */;
			targetProxy = 84819CBA1F06333D00C03BBE /* PBXContainerItemProxy */;
		};
/* End PBXTargetDependency section */

/* Begin PBXVariantGroup section */
		84819CA11F06333D00C03BBE /* Main.storyboard */ = {
			isa = PBXVariantGroup;
			children = (
				84819CA21F06333D00C03BBE /* Base */,
			);
			name = Main.storyboard;
			sourceTree = "<group>";
		};
		84819CA61F06333D00C03BBE /* LaunchScreen.storyboard */ = {
			isa = PBXVariantGroup;
			children = (
				84819CA71F06333D00C03BBE /* Base */,
			);
			name = LaunchScreen.storyboard;
			sourceTree = "<group>";
		};
/* End PBXVariantGroup section */

/* Begin XCBuildConfiguration section */
		84819CC01F06333D00C03BBE /* Debug */ = {
			isa = XCBuildConfiguration;
			buildSettings = {
				ALWAYS_SEARCH_USER_PATHS = NO;
				CLANG_ANALYZER_NONNULL = YES;
				CLANG_ANALYZER_NUMBER_OBJECT_CONVERSION = YES_AGGRESSIVE;
				CLANG_CXX_LANGUAGE_STANDARD = "gnu++0x";
				CLANG_CXX_LIBRARY = "libc++";
				CLANG_ENABLE_MODULES = YES;
				CLANG_ENABLE_OBJC_ARC = YES;
				CLANG_WARN_BOOL_CONVERSION = YES;
				CLANG_WARN_CONSTANT_CONVERSION = YES;
				CLANG_WARN_DIRECT_OBJC_ISA_USAGE = YES_ERROR;
				CLANG_WARN_DOCUMENTATION_COMMENTS = YES;
				CLANG_WARN_EMPTY_BODY = YES;
				CLANG_WARN_ENUM_CONVERSION = YES;
				CLANG_WARN_INFINITE_RECURSION = YES;
				CLANG_WARN_INT_CONVERSION = YES;
				CLANG_WARN_OBJC_ROOT_CLASS = YES_ERROR;
				CLANG_WARN_SUSPICIOUS_MOVE = YES;
				CLANG_WARN_UNREACHABLE_CODE = YES;
				CLANG_WARN__DUPLICATE_METHOD_MATCH = YES;
				CODE_SIGN_IDENTITY = "iPhone Developer";
				"CODE_SIGN_IDENTITY[sdk=iphoneos*]" = "iPhone Developer";
				COPY_PHASE_STRIP = NO;
				DEBUG_INFORMATION_FORMAT = dwarf;
				DEVELOPMENT_TEAM = GGJ64UFF9U;
				ENABLE_STRICT_OBJC_MSGSEND = YES;
				ENABLE_TESTABILITY = YES;
				GCC_C_LANGUAGE_STANDARD = gnu99;
				GCC_DYNAMIC_NO_PIC = NO;
				GCC_NO_COMMON_BLOCKS = YES;
				GCC_OPTIMIZATION_LEVEL = 0;
				GCC_PREPROCESSOR_DEFINITIONS = (
					"DEBUG=1",
					"$(inherited)",
				);
				GCC_WARN_64_TO_32_BIT_CONVERSION = YES;
				GCC_WARN_ABOUT_RETURN_TYPE = YES_ERROR;
				GCC_WARN_UNDECLARED_SELECTOR = YES;
				GCC_WARN_UNINITIALIZED_AUTOS = YES_AGGRESSIVE;
				GCC_WARN_UNUSED_FUNCTION = YES;
				GCC_WARN_UNUSED_VARIABLE = YES;
				IPHONEOS_DEPLOYMENT_TARGET = 10.3;
				MTL_ENABLE_DEBUG_INFO = YES;
				ONLY_ACTIVE_ARCH = YES;
				SDKROOT = iphoneos;
				SWIFT_ACTIVE_COMPILATION_CONDITIONS = DEBUG;
				SWIFT_OPTIMIZATION_LEVEL = "-Onone";
				TARGETED_DEVICE_FAMILY = "1,2";
			};
			name = Debug;
		};
		84819CC11F06333D00C03BBE /* Release */ = {
			isa = XCBuildConfiguration;
			buildSettings = {
				ALWAYS_SEARCH_USER_PATHS = NO;
				CLANG_ANALYZER_NONNULL = YES;
				CLANG_ANALYZER_NUMBER_OBJECT_CONVERSION = YES_AGGRESSIVE;
				CLANG_CXX_LANGUAGE_STANDARD = "gnu++0x";
				CLANG_CXX_LIBRARY = "libc++";
				CLANG_ENABLE_MODULES = YES;
				CLANG_ENABLE_OBJC_ARC = YES;
				CLANG_WARN_BOOL_CONVERSION = YES;
				CLANG_WARN_CONSTANT_CONVERSION = YES;
				CLANG_WARN_DIRECT_OBJC_ISA_USAGE = YES_ERROR;
				CLANG_WARN_DOCUMENTATION_COMMENTS = YES;
				CLANG_WARN_EMPTY_BODY = YES;
				CLANG_WARN_ENUM_CONVERSION = YES;
				CLANG_WARN_INFINITE_RECURSION = YES;
				CLANG_WARN_INT_CONVERSION = YES;
				CLANG_WARN_OBJC_ROOT_CLASS = YES_ERROR;
				CLANG_WARN_SUSPICIOUS_MOVE = YES;
				CLANG_WARN_UNREACHABLE_CODE = YES;
				CLANG_WARN__DUPLICATE_METHOD_MATCH = YES;
				CODE_SIGN_IDENTITY = "iPhone Developer";
				"CODE_SIGN_IDENTITY[sdk=iphoneos*]" = "iPhone Developer";
				COPY_PHASE_STRIP = NO;
				DEBUG_INFORMATION_FORMAT = "dwarf-with-dsym";
				DEVELOPMENT_TEAM = GGJ64UFF9U;
				ENABLE_NS_ASSERTIONS = NO;
				ENABLE_STRICT_OBJC_MSGSEND = YES;
				GCC_C_LANGUAGE_STANDARD = gnu99;
				GCC_NO_COMMON_BLOCKS = YES;
				GCC_WARN_64_TO_32_BIT_CONVERSION = YES;
				GCC_WARN_ABOUT_RETURN_TYPE = YES_ERROR;
				GCC_WARN_UNDECLARED_SELECTOR = YES;
				GCC_WARN_UNINITIALIZED_AUTOS = YES_AGGRESSIVE;
				GCC_WARN_UNUSED_FUNCTION = YES;
				GCC_WARN_UNUSED_VARIABLE = YES;
				IPHONEOS_DEPLOYMENT_TARGET = 10.3;
				MTL_ENABLE_DEBUG_INFO = NO;
				SDKROOT = iphoneos;
				SWIFT_OPTIMIZATION_LEVEL = "-Owholemodule";
				TARGETED_DEVICE_FAMILY = "1,2";
				VALIDATE_PRODUCT = YES;
			};
			name = Release;
		};
		84819CC31F06333D00C03BBE /* Debug */ = {
			isa = XCBuildConfiguration;
			buildSettings = {
				ASSETCATALOG_COMPILER_APPICON_NAME = AppIcon;
				CLANG_USE_OPTIMIZATION_PROFILE = YES;
				"CODE_SIGN_IDENTITY[sdk=iphoneos*]" = "iPhone Developer";
				DEVELOPMENT_TEAM = GGJ64UFF9U;
				FRAMEWORK_SEARCH_PATHS = (
					"$(inherited)",
					"$(PROJECT_DIR)",
				);
				INFOPLIST_FILE = "Hello World/Info.plist";
				IPHONEOS_DEPLOYMENT_TARGET = 10.3;
				LD_RUNPATH_SEARCH_PATHS = "$(inherited) @executable_path/Frameworks";
				PRODUCT_BUNDLE_IDENTIFIER = "com.BSwierad.Hello-World";
				PRODUCT_NAME = "$(TARGET_NAME)";
				PROVISIONING_PROFILE_SPECIFIER = "";
				SWIFT_VERSION = 3.0;
			};
			name = Debug;
		};
		84819CC41F06333D00C03BBE /* Release */ = {
			isa = XCBuildConfiguration;
			buildSettings = {
				ASSETCATALOG_COMPILER_APPICON_NAME = AppIcon;
				CLANG_USE_OPTIMIZATION_PROFILE = YES;
				"CODE_SIGN_IDENTITY[sdk=iphoneos*]" = "iPhone Developer";
				DEVELOPMENT_TEAM = GGJ64UFF9U;
				FRAMEWORK_SEARCH_PATHS = (
					"$(inherited)",
					"$(PROJECT_DIR)",
				);
				INFOPLIST_FILE = "Hello World/Info.plist";
				IPHONEOS_DEPLOYMENT_TARGET = 10.3;
				LD_RUNPATH_SEARCH_PATHS = "$(inherited) @executable_path/Frameworks";
				PRODUCT_BUNDLE_IDENTIFIER = "com.BSwierad.Hello-World";
				PRODUCT_NAME = "$(TARGET_NAME)";
				PROVISIONING_PROFILE_SPECIFIER = "";
				SWIFT_VERSION = 3.0;
			};
			name = Release;
		};
		84819CC61F06333D00C03BBE /* Debug */ = {
			isa = XCBuildConfiguration;
			buildSettings = {
				ALWAYS_EMBED_SWIFT_STANDARD_LIBRARIES = YES;
				BUNDLE_LOADER = "$(TEST_HOST)";
				"CODE_SIGN_IDENTITY[sdk=iphoneos*]" = "iPhone Developer";
				DEVELOPMENT_TEAM = GGJ64UFF9U;
				INFOPLIST_FILE = "Hello WorldTests/Info.plist";
				LD_RUNPATH_SEARCH_PATHS = "$(inherited) @executable_path/Frameworks @loader_path/Frameworks";
				PRODUCT_BUNDLE_IDENTIFIER = "com.BSwierad.Hello-WorldTests";
				PRODUCT_NAME = "$(TARGET_NAME)";
				PROVISIONING_PROFILE_SPECIFIER = "";
				SWIFT_VERSION = 3.0;
				TEST_HOST = "$(BUILT_PRODUCTS_DIR)/Hello World.app/Hello World";
			};
			name = Debug;
		};
		84819CC71F06333D00C03BBE /* Release */ = {
			isa = XCBuildConfiguration;
			buildSettings = {
				ALWAYS_EMBED_SWIFT_STANDARD_LIBRARIES = YES;
				BUNDLE_LOADER = "$(TEST_HOST)";
				"CODE_SIGN_IDENTITY[sdk=iphoneos*]" = "iPhone Developer";
				DEVELOPMENT_TEAM = GGJ64UFF9U;
				INFOPLIST_FILE = "Hello WorldTests/Info.plist";
				LD_RUNPATH_SEARCH_PATHS = "$(inherited) @executable_path/Frameworks @loader_path/Frameworks";
				PRODUCT_BUNDLE_IDENTIFIER = "com.BSwierad.Hello-WorldTests";
				PRODUCT_NAME = "$(TARGET_NAME)";
				PROVISIONING_PROFILE_SPECIFIER = "";
				SWIFT_VERSION = 3.0;
				TEST_HOST = "$(BUILT_PRODUCTS_DIR)/Hello World.app/Hello World";
			};
			name = Release;
		};
		84819CC91F06333D00C03BBE /* Debug */ = {
			isa = XCBuildConfiguration;
			buildSettings = {
				ALWAYS_EMBED_SWIFT_STANDARD_LIBRARIES = YES;
				"CODE_SIGN_IDENTITY[sdk=iphoneos*]" = "iPhone Developer";
				DEVELOPMENT_TEAM = GGJ64UFF9U;
				INFOPLIST_FILE = "Hello WorldUITests/Info.plist";
				LD_RUNPATH_SEARCH_PATHS = "$(inherited) @executable_path/Frameworks @loader_path/Frameworks";
				PRODUCT_BUNDLE_IDENTIFIER = "com.BSwierad.Hello-WorldUITests";
				PRODUCT_NAME = "$(TARGET_NAME)";
				PROVISIONING_PROFILE_SPECIFIER = "";
				SWIFT_VERSION = 3.0;
				TEST_TARGET_NAME = "Hello World";
			};
			name = Debug;
		};
		84819CCA1F06333D00C03BBE /* Release */ = {
			isa = XCBuildConfiguration;
			buildSettings = {
				ALWAYS_EMBED_SWIFT_STANDARD_LIBRARIES = YES;
				"CODE_SIGN_IDENTITY[sdk=iphoneos*]" = "iPhone Developer";
				DEVELOPMENT_TEAM = GGJ64UFF9U;
				INFOPLIST_FILE = "Hello WorldUITests/Info.plist";
				LD_RUNPATH_SEARCH_PATHS = "$(inherited) @executable_path/Frameworks @loader_path/Frameworks";
				PRODUCT_BUNDLE_IDENTIFIER = "com.BSwierad.Hello-WorldUITests";
				PRODUCT_NAME = "$(TARGET_NAME)";
				PROVISIONING_PROFILE_SPECIFIER = "";
				SWIFT_VERSION = 3.0;
				TEST_TARGET_NAME = "Hello World";
			};
			name = Release;
		};
/* End XCBuildConfiguration section */

/* Begin XCConfigurationList section */
		84819C951F06333D00C03BBE /* Build configuration list for PBXProject "Hello World" */ = {
			isa = XCConfigurationList;
			buildConfigurations = (
				84819CC01F06333D00C03BBE /* Debug */,
				84819CC11F06333D00C03BBE /* Release */,
			);
			defaultConfigurationIsVisible = 0;
			defaultConfigurationName = Release;
		};
		84819CC21F06333D00C03BBE /* Build configuration list for PBXNativeTarget "Hello World" */ = {
			isa = XCConfigurationList;
			buildConfigurations = (
				84819CC31F06333D00C03BBE /* Debug */,
				84819CC41F06333D00C03BBE /* Release */,
			);
			defaultConfigurationIsVisible = 0;
			defaultConfigurationName = Release;
		};
		84819CC51F06333D00C03BBE /* Build configuration list for PBXNativeTarget "Hello WorldTests" */ = {
			isa = XCConfigurationList;
			buildConfigurations = (
				84819CC61F06333D00C03BBE /* Debug */,
				84819CC71F06333D00C03BBE /* Release */,
			);
			defaultConfigurationIsVisible = 0;
			defaultConfigurationName = Release;
		};
		84819CC81F06333D00C03BBE /* Build configuration list for PBXNativeTarget "Hello WorldUITests" */ = {
			isa = XCConfigurationList;
			buildConfigurations = (
				84819CC91F06333D00C03BBE /* Debug */,
				84819CCA1F06333D00C03BBE /* Release */,
			);
			defaultConfigurationIsVisible = 0;
			defaultConfigurationName = Release;
		};
/* End XCConfigurationList section */
	};
	rootObject = 84819C921F06333D00C03BBE /* Project object */;
}
